// !$*UTF8*$!
{
	archiveVersion = 1;
	classes = {
	};
	objectVersion = 47;
	objects = {

/* Begin PBXBuildFile section */
		051CC5620CA879DE4B92481A /* libPods-LIFX Ambience.a in Frameworks */ = {isa = PBXBuildFile; fileRef = 0502F57349B114B47B82E1A7 /* libPods-LIFX Ambience.a */; };
		221068E51B54544A00D12A3A /* audioplayer_pause.png in Resources */ = {isa = PBXBuildFile; fileRef = 221068E31B54544A00D12A3A /* audioplayer_pause.png */; };
		221068E61B54544A00D12A3A /* audioplayer_play.png in Resources */ = {isa = PBXBuildFile; fileRef = 221068E41B54544A00D12A3A /* audioplayer_play.png */; };
		221068E91B5456C200D12A3A /* next.png in Resources */ = {isa = PBXBuildFile; fileRef = 221068E71B5456C200D12A3A /* next.png */; };
		221068EA1B5456C200D12A3A /* previous.png in Resources */ = {isa = PBXBuildFile; fileRef = 221068E81B5456C200D12A3A /* previous.png */; };
		221068ED1B56A62900D12A3A /* MarqueeLabel.m in Sources */ = {isa = PBXBuildFile; fileRef = 221068EC1B56A62900D12A3A /* MarqueeLabel.m */; };
		221B11341B3E9405004F3122 /* libFlurry_6.6.0.a in Frameworks */ = {isa = PBXBuildFile; fileRef = 221B11331B3E9405004F3122 /* libFlurry_6.6.0.a */; };
		221B113A1B41C18E004F3122 /* lightbulb_icon.png in Resources */ = {isa = PBXBuildFile; fileRef = 221B11391B41C18E004F3122 /* lightbulb_icon.png */; };
		221B11421B420ADA004F3122 /* lightbulb_on.png in Resources */ = {isa = PBXBuildFile; fileRef = 221B11411B420ADA004F3122 /* lightbulb_on.png */; };
		221B11471B420C3E004F3122 /* InfoViewController.m in Sources */ = {isa = PBXBuildFile; fileRef = 221B11461B420C3E004F3122 /* InfoViewController.m */; };
		221B11491B420EB2004F3122 /* mail.png in Resources */ = {isa = PBXBuildFile; fileRef = 221B11481B420EB2004F3122 /* mail.png */; };
		221B114B1B42100C004F3122 /* dollar.png in Resources */ = {isa = PBXBuildFile; fileRef = 221B114A1B42100C004F3122 /* dollar.png */; };
		221B114E1B4218FD004F3122 /* UIView+Glow.m in Sources */ = {isa = PBXBuildFile; fileRef = 221B114D1B4218FD004F3122 /* UIView+Glow.m */; };
		221B11501B42DAFE004F3122 /* info.png in Resources */ = {isa = PBXBuildFile; fileRef = 221B114F1B42DAFE004F3122 /* info.png */; };
		221E32971B851F1A00108108 /* ImageCropView.m in Sources */ = {isa = PBXBuildFile; fileRef = 221E32961B851F1A00108108 /* ImageCropView.m */; };
		221E329A1B85223D00108108 /* FXBlurView.m in Sources */ = {isa = PBXBuildFile; fileRef = 221E32991B85223D00108108 /* FXBlurView.m */; };
		2220AEB81BB5C1EE00B97437 /* LARSBar.m in Sources */ = {isa = PBXBuildFile; fileRef = 2220AEB71BB5C1EE00B97437 /* LARSBar.m */; };
		2220AEBB1BB5D1AF00B97437 /* eq-slider-border@2x.png in Resources */ = {isa = PBXBuildFile; fileRef = 2220AEB91BB5D1AF00B97437 /* eq-slider-border@2x.png */; };
		2220AEBC1BB5D1AF00B97437 /* slider-knob@2x.png in Resources */ = {isa = PBXBuildFile; fileRef = 2220AEBA1BB5D1AF00B97437 /* slider-knob@2x.png */; };
		224936DD1B389CD200699D59 /* main.m in Sources */ = {isa = PBXBuildFile; fileRef = 224936DC1B389CD200699D59 /* main.m */; };
		224936E01B389CD200699D59 /* AppDelegate.m in Sources */ = {isa = PBXBuildFile; fileRef = 224936DF1B389CD200699D59 /* AppDelegate.m */; };
		224936E31B389CD200699D59 /* LIFX_Ambience.xcdatamodeld in Sources */ = {isa = PBXBuildFile; fileRef = 224936E11B389CD200699D59 /* LIFX_Ambience.xcdatamodeld */; };
		224936E91B389CD200699D59 /* Main.storyboard in Resources */ = {isa = PBXBuildFile; fileRef = 224936E71B389CD200699D59 /* Main.storyboard */; };
		224936EB1B389CD200699D59 /* Images.xcassets in Resources */ = {isa = PBXBuildFile; fileRef = 224936EA1B389CD200699D59 /* Images.xcassets */; };
		224936FA1B389CD300699D59 /* LIFX_AmbienceTests.m in Sources */ = {isa = PBXBuildFile; fileRef = 224936F91B389CD300699D59 /* LIFX_AmbienceTests.m */; };
		224937041B389E1400699D59 /* LIFXKit.framework in Frameworks */ = {isa = PBXBuildFile; fileRef = 224937031B389E1400699D59 /* LIFXKit.framework */; };
		224937061B389E4800699D59 /* SystemConfiguration.framework in Frameworks */ = {isa = PBXBuildFile; fileRef = 224937051B389E4800699D59 /* SystemConfiguration.framework */; };
		224937081B389E5D00699D59 /* libz.dylib in Frameworks */ = {isa = PBXBuildFile; fileRef = 224937071B389E5D00699D59 /* libz.dylib */; };
		2249370A1B389E7600699D59 /* MediaPlayer.framework in Frameworks */ = {isa = PBXBuildFile; fileRef = 224937091B389E7600699D59 /* MediaPlayer.framework */; };
		2249370C1B389E7E00699D59 /* AVFoundation.framework in Frameworks */ = {isa = PBXBuildFile; fileRef = 2249370B1B389E7D00699D59 /* AVFoundation.framework */; };
		2249370E1B389E8F00699D59 /* CoreGraphics.framework in Frameworks */ = {isa = PBXBuildFile; fileRef = 2249370D1B389E8F00699D59 /* CoreGraphics.framework */; };
		224937101B389E9800699D59 /* UIKit.framework in Frameworks */ = {isa = PBXBuildFile; fileRef = 2249370F1B389E9800699D59 /* UIKit.framework */; };
		2249372A1B38FADA00699D59 /* cam_128.png in Resources */ = {isa = PBXBuildFile; fileRef = 224937271B38FADA00699D59 /* cam_128.png */; };
		2249372B1B38FADA00699D59 /* mic_128.png in Resources */ = {isa = PBXBuildFile; fileRef = 224937281B38FADA00699D59 /* mic_128.png */; };
		2249372C1B38FADA00699D59 /* music_128.png in Resources */ = {isa = PBXBuildFile; fileRef = 224937291B38FADA00699D59 /* music_128.png */; };
		224937631B39CB7400699D59 /* Default@2x.png in Resources */ = {isa = PBXBuildFile; fileRef = 224937621B39CB7400699D59 /* Default@2x.png */; };
		2249376B1B39EDFE00699D59 /* MainViewController.m in Sources */ = {isa = PBXBuildFile; fileRef = 2249376A1B39EDFE00699D59 /* MainViewController.m */; };
		224937711B3A54C800699D59 /* VizViewController.m in Sources */ = {isa = PBXBuildFile; fileRef = 224937701B3A54C800699D59 /* VizViewController.m */; };
		224937741B3A568400699D59 /* VisualizerView.mm in Sources */ = {isa = PBXBuildFile; fileRef = 224937731B3A568400699D59 /* VisualizerView.mm */; };
		224937761B3A56B100699D59 /* MeterTable in Resources */ = {isa = PBXBuildFile; fileRef = 224937751B3A56B100699D59 /* MeterTable */; };
		224937781B3A57CD00699D59 /* QuartzCore.framework in Frameworks */ = {isa = PBXBuildFile; fileRef = 224937771B3A57CD00699D59 /* QuartzCore.framework */; };
		2249377A1B3A592800699D59 /* MeterTable.cpp in Sources */ = {isa = PBXBuildFile; fileRef = 224937791B3A592800699D59 /* MeterTable.cpp */; };
		2249377E1B3A5E0A00699D59 /* particleTexture.png in Resources */ = {isa = PBXBuildFile; fileRef = 2249377D1B3A5E0A00699D59 /* particleTexture.png */; };
		224937811B3A76AB00699D59 /* CamViewController.m in Sources */ = {isa = PBXBuildFile; fileRef = 224937801B3A76AB00699D59 /* CamViewController.m */; };
		224937841B3A776D00699D59 /* AVCamPreviewView.m in Sources */ = {isa = PBXBuildFile; fileRef = 224937831B3A776D00699D59 /* AVCamPreviewView.m */; };
		224937871B3A779C00699D59 /* UIImageAverageColorAddition.m in Sources */ = {isa = PBXBuildFile; fileRef = 224937861B3A779C00699D59 /* UIImageAverageColorAddition.m */; };
		2257A2211BA375AE001C61D0 /* CoreMotion.framework in Frameworks */ = {isa = PBXBuildFile; fileRef = 2257A2201BA375AE001C61D0 /* CoreMotion.framework */; };
		226019001B9808F400708332 /* YouTubeTVC.m in Sources */ = {isa = PBXBuildFile; fileRef = 226018FF1B9808F400708332 /* YouTubeTVC.m */; };
		226019031B982D6200708332 /* UINavigationController+rotation.m in Sources */ = {isa = PBXBuildFile; fileRef = 226019021B982D6200708332 /* UINavigationController+rotation.m */; };
		2265FEFD1BA79167006DD173 /* LNBRippleEffect.m in Sources */ = {isa = PBXBuildFile; fileRef = 2265FEFC1BA79167006DD173 /* LNBRippleEffect.m */; };
		227964931BBDEFE70087FE24 /* alarm.mp3 in Resources */ = {isa = PBXBuildFile; fileRef = 227964921BBDEFE70087FE24 /* alarm.mp3 */; };
		227BB8551B3B2D17004EFFA7 /* camicon128.png in Resources */ = {isa = PBXBuildFile; fileRef = 227BB8531B3B2D17004EFFA7 /* camicon128.png */; };
		227BB8561B3B2D17004EFFA7 /* vizicon128.png in Resources */ = {isa = PBXBuildFile; fileRef = 227BB8541B3B2D17004EFFA7 /* vizicon128.png */; };
		22AEB37B1B6BECDA00915E8A /* UIImageResizing.m in Sources */ = {isa = PBXBuildFile; fileRef = 22AEB37A1B6BECDA00915E8A /* UIImageResizing.m */; };
		22AEB37D1B6FCD6700915E8A /* dragon.mp3 in Resources */ = {isa = PBXBuildFile; fileRef = 22AEB37C1B6FCD6700915E8A /* dragon.mp3 */; };
		22AEB3821B726F3800915E8A /* ANPopoverSlider.m in Sources */ = {isa = PBXBuildFile; fileRef = 22AEB37F1B726F3800915E8A /* ANPopoverSlider.m */; };
		22AEB3831B726F3800915E8A /* ANPopoverView.m in Sources */ = {isa = PBXBuildFile; fileRef = 22AEB3811B726F3800915E8A /* ANPopoverView.m */; };
		22DCE2031B50E075002506AD /* UIAlertView+NSCookbook.m in Sources */ = {isa = PBXBuildFile; fileRef = 22DCE2021B50E074002506AD /* UIAlertView+NSCookbook.m */; };
		22E5A1551B8CE6FE00EED439 /* JDFSequentialTooltipManager.m in Sources */ = {isa = PBXBuildFile; fileRef = 22E5A14B1B8CE6FE00EED439 /* JDFSequentialTooltipManager.m */; };
		22E5A1561B8CE6FE00EED439 /* JDFTooltipManager.m in Sources */ = {isa = PBXBuildFile; fileRef = 22E5A14D1B8CE6FE00EED439 /* JDFTooltipManager.m */; };
		22E5A1571B8CE6FE00EED439 /* JDFTooltipView.m in Sources */ = {isa = PBXBuildFile; fileRef = 22E5A1501B8CE6FE00EED439 /* JDFTooltipView.m */; };
		22E5A1581B8CE6FE00EED439 /* UILabel+JDFTooltips.m in Sources */ = {isa = PBXBuildFile; fileRef = 22E5A1521B8CE6FE00EED439 /* UILabel+JDFTooltips.m */; };
		22E5A1591B8CE6FE00EED439 /* UIView+JDFTooltips.m in Sources */ = {isa = PBXBuildFile; fileRef = 22E5A1541B8CE6FE00EED439 /* UIView+JDFTooltips.m */; };
		22E60BA81B63E41F00E74219 /* UIView+HierarchyLogging.m in Sources */ = {isa = PBXBuildFile; fileRef = 22E60BA71B63E41F00E74219 /* UIView+HierarchyLogging.m */; };
		22E60BAB1B63ED4700E74219 /* SCAudioMeter.m in Sources */ = {isa = PBXBuildFile; fileRef = 22E60BAA1B63ED4700E74219 /* SCAudioMeter.m */; };
		22F036E91B54062D008027FD /* TableViewController.m in Sources */ = {isa = PBXBuildFile; fileRef = 22F036E81B54062D008027FD /* TableViewController.m */; };
		22F76A0B1B3C8F1400EE3AFD /* Info.plist in Resources */ = {isa = PBXBuildFile; fileRef = 224936DB1B389CD200699D59 /* Info.plist */; };
		22F76A151B3CAF1100EE3AFD /* FSAudioPlayer.m in Sources */ = {isa = PBXBuildFile; fileRef = 22F76A141B3CAF1100EE3AFD /* FSAudioPlayer.m */; };
		22F76A171B3D907600EE3AFD /* knob.png in Resources */ = {isa = PBXBuildFile; fileRef = 22F76A161B3D907600EE3AFD /* knob.png */; };
		22F76A191B3D9D0F00EE3AFD /* knob2.png in Resources */ = {isa = PBXBuildFile; fileRef = 22F76A181B3D9D0F00EE3AFD /* knob2.png */; };
		22F76A1B1B3DF83C00EE3AFD /* Security.framework in Frameworks */ = {isa = PBXBuildFile; fileRef = 22F76A1A1B3DF83C00EE3AFD /* Security.framework */; };
		22FD06D21B8FAAFB004F71FD /* SPUserResizableView.m in Sources */ = {isa = PBXBuildFile; fileRef = 22FD06D11B8FAAFB004F71FD /* SPUserResizableView.m */; };
/* End PBXBuildFile section */

/* Begin PBXContainerItemProxy section */
		224936F41B389CD300699D59 /* PBXContainerItemProxy */ = {
			isa = PBXContainerItemProxy;
			containerPortal = 224936CF1B389CD200699D59 /* Project object */;
			proxyType = 1;
			remoteGlobalIDString = 224936D61B389CD200699D59;
			remoteInfo = "LIFX Ambience";
		};
/* End PBXContainerItemProxy section */

/* Begin PBXFileReference section */
		0502F57349B114B47B82E1A7 /* libPods-LIFX Ambience.a */ = {isa = PBXFileReference; explicitFileType = archive.ar; includeInIndex = 0; path = "libPods-LIFX Ambience.a"; sourceTree = BUILT_PRODUCTS_DIR; };
		221068E31B54544A00D12A3A /* audioplayer_pause.png */ = {isa = PBXFileReference; lastKnownFileType = image.png; path = audioplayer_pause.png; sourceTree = "<group>"; };
		221068E41B54544A00D12A3A /* audioplayer_play.png */ = {isa = PBXFileReference; lastKnownFileType = image.png; path = audioplayer_play.png; sourceTree = "<group>"; };
		221068E71B5456C200D12A3A /* next.png */ = {isa = PBXFileReference; lastKnownFileType = image.png; path = next.png; sourceTree = "<group>"; };
		221068E81B5456C200D12A3A /* previous.png */ = {isa = PBXFileReference; lastKnownFileType = image.png; path = previous.png; sourceTree = "<group>"; };
		221068EB1B56A62900D12A3A /* MarqueeLabel.h */ = {isa = PBXFileReference; fileEncoding = 4; lastKnownFileType = sourcecode.c.h; path = MarqueeLabel.h; sourceTree = "<group>"; };
		221068EC1B56A62900D12A3A /* MarqueeLabel.m */ = {isa = PBXFileReference; fileEncoding = 4; lastKnownFileType = sourcecode.c.objc; path = MarqueeLabel.m; sourceTree = "<group>"; };
		221B11311B3E9405004F3122 /* Flurry.h */ = {isa = PBXFileReference; fileEncoding = 4; lastKnownFileType = sourcecode.c.h; path = Flurry.h; sourceTree = "<group>"; };
		221B11321B3E9405004F3122 /* FlurryWatch.h */ = {isa = PBXFileReference; fileEncoding = 4; lastKnownFileType = sourcecode.c.h; path = FlurryWatch.h; sourceTree = "<group>"; };
		221B11331B3E9405004F3122 /* libFlurry_6.6.0.a */ = {isa = PBXFileReference; lastKnownFileType = archive.ar; path = libFlurry_6.6.0.a; sourceTree = "<group>"; };
		221B11391B41C18E004F3122 /* lightbulb_icon.png */ = {isa = PBXFileReference; lastKnownFileType = image.png; path = lightbulb_icon.png; sourceTree = SOURCE_ROOT; };
		221B11411B420ADA004F3122 /* lightbulb_on.png */ = {isa = PBXFileReference; lastKnownFileType = image.png; path = lightbulb_on.png; sourceTree = "<group>"; };
		221B11451B420C3E004F3122 /* InfoViewController.h */ = {isa = PBXFileReference; fileEncoding = 4; lastKnownFileType = sourcecode.c.h; path = InfoViewController.h; sourceTree = "<group>"; };
		221B11461B420C3E004F3122 /* InfoViewController.m */ = {isa = PBXFileReference; fileEncoding = 4; lastKnownFileType = sourcecode.c.objc; path = InfoViewController.m; sourceTree = "<group>"; };
		221B11481B420EB2004F3122 /* mail.png */ = {isa = PBXFileReference; lastKnownFileType = image.png; path = mail.png; sourceTree = "<group>"; };
		221B114A1B42100C004F3122 /* dollar.png */ = {isa = PBXFileReference; lastKnownFileType = image.png; path = dollar.png; sourceTree = "<group>"; };
		221B114C1B4218FD004F3122 /* UIView+Glow.h */ = {isa = PBXFileReference; fileEncoding = 4; lastKnownFileType = sourcecode.c.h; path = "UIView+Glow.h"; sourceTree = "<group>"; };
		221B114D1B4218FD004F3122 /* UIView+Glow.m */ = {isa = PBXFileReference; fileEncoding = 4; lastKnownFileType = sourcecode.c.objc; path = "UIView+Glow.m"; sourceTree = "<group>"; };
		221B114F1B42DAFE004F3122 /* info.png */ = {isa = PBXFileReference; lastKnownFileType = image.png; path = info.png; sourceTree = "<group>"; };
		221E32951B851F1A00108108 /* ImageCropView.h */ = {isa = PBXFileReference; fileEncoding = 4; lastKnownFileType = sourcecode.c.h; path = ImageCropView.h; sourceTree = "<group>"; };
		221E32961B851F1A00108108 /* ImageCropView.m */ = {isa = PBXFileReference; fileEncoding = 4; lastKnownFileType = sourcecode.c.objc; path = ImageCropView.m; sourceTree = "<group>"; };
		221E32981B85223D00108108 /* FXBlurView.h */ = {isa = PBXFileReference; fileEncoding = 4; lastKnownFileType = sourcecode.c.h; path = FXBlurView.h; sourceTree = "<group>"; };
		221E32991B85223D00108108 /* FXBlurView.m */ = {isa = PBXFileReference; fileEncoding = 4; lastKnownFileType = sourcecode.c.objc; path = FXBlurView.m; sourceTree = "<group>"; };
		2220AEB61BB5C1EE00B97437 /* LARSBar.h */ = {isa = PBXFileReference; fileEncoding = 4; lastKnownFileType = sourcecode.c.h; path = LARSBar.h; sourceTree = "<group>"; };
		2220AEB71BB5C1EE00B97437 /* LARSBar.m */ = {isa = PBXFileReference; fileEncoding = 4; lastKnownFileType = sourcecode.c.objc; path = LARSBar.m; sourceTree = "<group>"; };
		2220AEB91BB5D1AF00B97437 /* eq-slider-border@2x.png */ = {isa = PBXFileReference; lastKnownFileType = image.png; path = "eq-slider-border@2x.png"; sourceTree = "<group>"; };
		2220AEBA1BB5D1AF00B97437 /* slider-knob@2x.png */ = {isa = PBXFileReference; lastKnownFileType = image.png; path = "slider-knob@2x.png"; sourceTree = "<group>"; };
		224936D71B389CD200699D59 /* LIFX Ambience.app */ = {isa = PBXFileReference; explicitFileType = wrapper.application; includeInIndex = 0; path = "LIFX Ambience.app"; sourceTree = BUILT_PRODUCTS_DIR; };
		224936DB1B389CD200699D59 /* Info.plist */ = {isa = PBXFileReference; lastKnownFileType = text.plist.xml; name = Info.plist; path = "LIFX Ambience/Info.plist"; sourceTree = "<group>"; };
		224936DC1B389CD200699D59 /* main.m */ = {isa = PBXFileReference; lastKnownFileType = sourcecode.c.objc; path = main.m; sourceTree = "<group>"; };
		224936DE1B389CD200699D59 /* AppDelegate.h */ = {isa = PBXFileReference; lastKnownFileType = sourcecode.c.h; path = AppDelegate.h; sourceTree = "<group>"; };
		224936DF1B389CD200699D59 /* AppDelegate.m */ = {isa = PBXFileReference; lastKnownFileType = sourcecode.c.objc; path = AppDelegate.m; sourceTree = "<group>"; };
		224936E21B389CD200699D59 /* LIFX_Ambience.xcdatamodel */ = {isa = PBXFileReference; lastKnownFileType = wrapper.xcdatamodel; path = LIFX_Ambience.xcdatamodel; sourceTree = "<group>"; };
		224936E81B389CD200699D59 /* Base */ = {isa = PBXFileReference; lastKnownFileType = file.storyboard; name = Base; path = Base.lproj/Main.storyboard; sourceTree = "<group>"; };
		224936EA1B389CD200699D59 /* Images.xcassets */ = {isa = PBXFileReference; lastKnownFileType = folder.assetcatalog; path = Images.xcassets; sourceTree = "<group>"; };
		224936F31B389CD300699D59 /* LIFX AmbienceTests.xctest */ = {isa = PBXFileReference; explicitFileType = wrapper.cfbundle; includeInIndex = 0; path = "LIFX AmbienceTests.xctest"; sourceTree = BUILT_PRODUCTS_DIR; };
		224936F81B389CD300699D59 /* Info.plist */ = {isa = PBXFileReference; lastKnownFileType = text.plist.xml; path = Info.plist; sourceTree = "<group>"; };
		224936F91B389CD300699D59 /* LIFX_AmbienceTests.m */ = {isa = PBXFileReference; lastKnownFileType = sourcecode.c.objc; path = LIFX_AmbienceTests.m; sourceTree = "<group>"; };
		224937031B389E1400699D59 /* LIFXKit.framework */ = {isa = PBXFileReference; lastKnownFileType = wrapper.framework; name = LIFXKit.framework; path = "../../LIFXKit-cnsblnuqrwxhuicgndijkotbdhas/Build/Products/Release-iphonesimulator/LIFXKit.framework"; sourceTree = "<group>"; };
		224937051B389E4800699D59 /* SystemConfiguration.framework */ = {isa = PBXFileReference; lastKnownFileType = wrapper.framework; name = SystemConfiguration.framework; path = System/Library/Frameworks/SystemConfiguration.framework; sourceTree = SDKROOT; };
		224937071B389E5D00699D59 /* libz.dylib */ = {isa = PBXFileReference; lastKnownFileType = "compiled.mach-o.dylib"; name = libz.dylib; path = usr/lib/libz.dylib; sourceTree = SDKROOT; };
		224937091B389E7600699D59 /* MediaPlayer.framework */ = {isa = PBXFileReference; lastKnownFileType = wrapper.framework; name = MediaPlayer.framework; path = System/Library/Frameworks/MediaPlayer.framework; sourceTree = SDKROOT; };
		2249370B1B389E7D00699D59 /* AVFoundation.framework */ = {isa = PBXFileReference; lastKnownFileType = wrapper.framework; name = AVFoundation.framework; path = System/Library/Frameworks/AVFoundation.framework; sourceTree = SDKROOT; };
		2249370D1B389E8F00699D59 /* CoreGraphics.framework */ = {isa = PBXFileReference; lastKnownFileType = wrapper.framework; name = CoreGraphics.framework; path = System/Library/Frameworks/CoreGraphics.framework; sourceTree = SDKROOT; };
		2249370F1B389E9800699D59 /* UIKit.framework */ = {isa = PBXFileReference; lastKnownFileType = wrapper.framework; name = UIKit.framework; path = System/Library/Frameworks/UIKit.framework; sourceTree = SDKROOT; };
		224937271B38FADA00699D59 /* cam_128.png */ = {isa = PBXFileReference; lastKnownFileType = image.png; path = cam_128.png; sourceTree = "<group>"; };
		224937281B38FADA00699D59 /* mic_128.png */ = {isa = PBXFileReference; lastKnownFileType = image.png; path = mic_128.png; sourceTree = "<group>"; };
		224937291B38FADA00699D59 /* music_128.png */ = {isa = PBXFileReference; lastKnownFileType = image.png; path = music_128.png; sourceTree = "<group>"; };
		224937621B39CB7400699D59 /* Default@2x.png */ = {isa = PBXFileReference; lastKnownFileType = image.png; path = "Default@2x.png"; sourceTree = "<group>"; };
		224937691B39EDFE00699D59 /* MainViewController.h */ = {isa = PBXFileReference; fileEncoding = 4; lastKnownFileType = sourcecode.c.h; path = MainViewController.h; sourceTree = "<group>"; };
		2249376A1B39EDFE00699D59 /* MainViewController.m */ = {isa = PBXFileReference; fileEncoding = 4; lastKnownFileType = sourcecode.c.objc; path = MainViewController.m; sourceTree = "<group>"; };
		2249376F1B3A54C800699D59 /* VizViewController.h */ = {isa = PBXFileReference; fileEncoding = 4; lastKnownFileType = sourcecode.c.h; path = VizViewController.h; sourceTree = "<group>"; };
		224937701B3A54C800699D59 /* VizViewController.m */ = {isa = PBXFileReference; fileEncoding = 4; lastKnownFileType = sourcecode.c.objc; path = VizViewController.m; sourceTree = "<group>"; };
		224937721B3A568400699D59 /* VisualizerView.h */ = {isa = PBXFileReference; fileEncoding = 4; lastKnownFileType = sourcecode.c.h; path = VisualizerView.h; sourceTree = "<group>"; };
		224937731B3A568400699D59 /* VisualizerView.mm */ = {isa = PBXFileReference; fileEncoding = 4; lastKnownFileType = sourcecode.cpp.objcpp; path = VisualizerView.mm; sourceTree = "<group>"; };
		224937751B3A56B100699D59 /* MeterTable */ = {isa = PBXFileReference; lastKnownFileType = folder; path = MeterTable; sourceTree = "<group>"; };
		224937771B3A57CD00699D59 /* QuartzCore.framework */ = {isa = PBXFileReference; lastKnownFileType = wrapper.framework; name = QuartzCore.framework; path = System/Library/Frameworks/QuartzCore.framework; sourceTree = SDKROOT; };
		224937791B3A592800699D59 /* MeterTable.cpp */ = {isa = PBXFileReference; lastKnownFileType = sourcecode.cpp.cpp; name = MeterTable.cpp; path = MeterTable/MeterTable.cpp; sourceTree = "<group>"; };
		2249377D1B3A5E0A00699D59 /* particleTexture.png */ = {isa = PBXFileReference; lastKnownFileType = image.png; name = particleTexture.png; path = MeterTable/particleTexture.png; sourceTree = "<group>"; };
		2249377F1B3A76AB00699D59 /* CamViewController.h */ = {isa = PBXFileReference; fileEncoding = 4; lastKnownFileType = sourcecode.c.h; path = CamViewController.h; sourceTree = "<group>"; };
		224937801B3A76AB00699D59 /* CamViewController.m */ = {isa = PBXFileReference; fileEncoding = 4; lastKnownFileType = sourcecode.c.objc; path = CamViewController.m; sourceTree = "<group>"; };
		224937821B3A776D00699D59 /* AVCamPreviewView.h */ = {isa = PBXFileReference; fileEncoding = 4; lastKnownFileType = sourcecode.c.h; path = AVCamPreviewView.h; sourceTree = "<group>"; };
		224937831B3A776D00699D59 /* AVCamPreviewView.m */ = {isa = PBXFileReference; fileEncoding = 4; lastKnownFileType = sourcecode.c.objc; path = AVCamPreviewView.m; sourceTree = "<group>"; };
		224937851B3A779C00699D59 /* UIImageAverageColorAddition.h */ = {isa = PBXFileReference; fileEncoding = 4; lastKnownFileType = sourcecode.c.h; path = UIImageAverageColorAddition.h; sourceTree = "<group>"; };
		224937861B3A779C00699D59 /* UIImageAverageColorAddition.m */ = {isa = PBXFileReference; fileEncoding = 4; lastKnownFileType = sourcecode.c.objc; path = UIImageAverageColorAddition.m; sourceTree = "<group>"; };
		2257A2201BA375AE001C61D0 /* CoreMotion.framework */ = {isa = PBXFileReference; lastKnownFileType = wrapper.framework; name = CoreMotion.framework; path = System/Library/Frameworks/CoreMotion.framework; sourceTree = SDKROOT; };
		226018FE1B9808F400708332 /* YouTubeTVC.h */ = {isa = PBXFileReference; fileEncoding = 4; lastKnownFileType = sourcecode.c.h; path = YouTubeTVC.h; sourceTree = "<group>"; };
		226018FF1B9808F400708332 /* YouTubeTVC.m */ = {isa = PBXFileReference; fileEncoding = 4; lastKnownFileType = sourcecode.c.objc; path = YouTubeTVC.m; sourceTree = "<group>"; };
		226019011B982D6200708332 /* UINavigationController+rotation.h */ = {isa = PBXFileReference; fileEncoding = 4; lastKnownFileType = sourcecode.c.h; path = "UINavigationController+rotation.h"; sourceTree = "<group>"; };
		226019021B982D6200708332 /* UINavigationController+rotation.m */ = {isa = PBXFileReference; fileEncoding = 4; lastKnownFileType = sourcecode.c.objc; path = "UINavigationController+rotation.m"; sourceTree = "<group>"; };
		2265FEFB1BA79167006DD173 /* LNBRippleEffect.h */ = {isa = PBXFileReference; fileEncoding = 4; lastKnownFileType = sourcecode.c.h; path = LNBRippleEffect.h; sourceTree = "<group>"; };
		2265FEFC1BA79167006DD173 /* LNBRippleEffect.m */ = {isa = PBXFileReference; fileEncoding = 4; lastKnownFileType = sourcecode.c.objc; path = LNBRippleEffect.m; sourceTree = "<group>"; };
		227964921BBDEFE70087FE24 /* alarm.mp3 */ = {isa = PBXFileReference; lastKnownFileType = audio.mp3; path = alarm.mp3; sourceTree = "<group>"; };
		227BB8531B3B2D17004EFFA7 /* camicon128.png */ = {isa = PBXFileReference; lastKnownFileType = image.png; path = camicon128.png; sourceTree = "<group>"; };
		227BB8541B3B2D17004EFFA7 /* vizicon128.png */ = {isa = PBXFileReference; lastKnownFileType = image.png; path = vizicon128.png; sourceTree = "<group>"; };
		22AEB3791B6BECDA00915E8A /* UIImageResizing.h */ = {isa = PBXFileReference; fileEncoding = 4; lastKnownFileType = sourcecode.c.h; path = UIImageResizing.h; sourceTree = "<group>"; };
		22AEB37A1B6BECDA00915E8A /* UIImageResizing.m */ = {isa = PBXFileReference; fileEncoding = 4; lastKnownFileType = sourcecode.c.objc; path = UIImageResizing.m; sourceTree = "<group>"; };
		22AEB37C1B6FCD6700915E8A /* dragon.mp3 */ = {isa = PBXFileReference; lastKnownFileType = audio.mp3; path = dragon.mp3; sourceTree = "<group>"; };
		22AEB37E1B726F3800915E8A /* ANPopoverSlider.h */ = {isa = PBXFileReference; fileEncoding = 4; lastKnownFileType = sourcecode.c.h; path = ANPopoverSlider.h; sourceTree = "<group>"; };
		22AEB37F1B726F3800915E8A /* ANPopoverSlider.m */ = {isa = PBXFileReference; fileEncoding = 4; lastKnownFileType = sourcecode.c.objc; path = ANPopoverSlider.m; sourceTree = "<group>"; };
		22AEB3801B726F3800915E8A /* ANPopoverView.h */ = {isa = PBXFileReference; fileEncoding = 4; lastKnownFileType = sourcecode.c.h; path = ANPopoverView.h; sourceTree = "<group>"; };
		22AEB3811B726F3800915E8A /* ANPopoverView.m */ = {isa = PBXFileReference; fileEncoding = 4; lastKnownFileType = sourcecode.c.objc; path = ANPopoverView.m; sourceTree = "<group>"; };
		22DCE2011B50E074002506AD /* UIAlertView+NSCookbook.h */ = {isa = PBXFileReference; fileEncoding = 4; lastKnownFileType = sourcecode.c.h; path = "UIAlertView+NSCookbook.h"; sourceTree = "<group>"; };
		22DCE2021B50E074002506AD /* UIAlertView+NSCookbook.m */ = {isa = PBXFileReference; fileEncoding = 4; lastKnownFileType = sourcecode.c.objc; path = "UIAlertView+NSCookbook.m"; sourceTree = "<group>"; };
		22E5A14A1B8CE6FE00EED439 /* JDFSequentialTooltipManager.h */ = {isa = PBXFileReference; fileEncoding = 4; lastKnownFileType = sourcecode.c.h; path = JDFSequentialTooltipManager.h; sourceTree = "<group>"; };
		22E5A14B1B8CE6FE00EED439 /* JDFSequentialTooltipManager.m */ = {isa = PBXFileReference; fileEncoding = 4; lastKnownFileType = sourcecode.c.objc; path = JDFSequentialTooltipManager.m; sourceTree = "<group>"; };
		22E5A14C1B8CE6FE00EED439 /* JDFTooltipManager.h */ = {isa = PBXFileReference; fileEncoding = 4; lastKnownFileType = sourcecode.c.h; path = JDFTooltipManager.h; sourceTree = "<group>"; };
		22E5A14D1B8CE6FE00EED439 /* JDFTooltipManager.m */ = {isa = PBXFileReference; fileEncoding = 4; lastKnownFileType = sourcecode.c.objc; path = JDFTooltipManager.m; sourceTree = "<group>"; };
		22E5A14E1B8CE6FE00EED439 /* JDFTooltips.h */ = {isa = PBXFileReference; fileEncoding = 4; lastKnownFileType = sourcecode.c.h; path = JDFTooltips.h; sourceTree = "<group>"; };
		22E5A14F1B8CE6FE00EED439 /* JDFTooltipView.h */ = {isa = PBXFileReference; fileEncoding = 4; lastKnownFileType = sourcecode.c.h; path = JDFTooltipView.h; sourceTree = "<group>"; };
		22E5A1501B8CE6FE00EED439 /* JDFTooltipView.m */ = {isa = PBXFileReference; fileEncoding = 4; lastKnownFileType = sourcecode.c.objc; path = JDFTooltipView.m; sourceTree = "<group>"; };
		22E5A1511B8CE6FE00EED439 /* UILabel+JDFTooltips.h */ = {isa = PBXFileReference; fileEncoding = 4; lastKnownFileType = sourcecode.c.h; path = "UILabel+JDFTooltips.h"; sourceTree = "<group>"; };
		22E5A1521B8CE6FE00EED439 /* UILabel+JDFTooltips.m */ = {isa = PBXFileReference; fileEncoding = 4; lastKnownFileType = sourcecode.c.objc; path = "UILabel+JDFTooltips.m"; sourceTree = "<group>"; };
		22E5A1531B8CE6FE00EED439 /* UIView+JDFTooltips.h */ = {isa = PBXFileReference; fileEncoding = 4; lastKnownFileType = sourcecode.c.h; path = "UIView+JDFTooltips.h"; sourceTree = "<group>"; };
		22E5A1541B8CE6FE00EED439 /* UIView+JDFTooltips.m */ = {isa = PBXFileReference; fileEncoding = 4; lastKnownFileType = sourcecode.c.objc; path = "UIView+JDFTooltips.m"; sourceTree = "<group>"; };
		22E60BA61B63E3F900E74219 /* UIView+HierarchyLogging.h */ = {isa = PBXFileReference; lastKnownFileType = sourcecode.c.h; path = "UIView+HierarchyLogging.h"; sourceTree = "<group>"; };
		22E60BA71B63E41F00E74219 /* UIView+HierarchyLogging.m */ = {isa = PBXFileReference; fileEncoding = 4; lastKnownFileType = sourcecode.c.objc; path = "UIView+HierarchyLogging.m"; sourceTree = "<group>"; };
		22E60BA91B63ED4700E74219 /* SCAudioMeter.h */ = {isa = PBXFileReference; fileEncoding = 4; lastKnownFileType = sourcecode.c.h; path = SCAudioMeter.h; sourceTree = "<group>"; };
		22E60BAA1B63ED4700E74219 /* SCAudioMeter.m */ = {isa = PBXFileReference; fileEncoding = 4; lastKnownFileType = sourcecode.c.objc; path = SCAudioMeter.m; sourceTree = "<group>"; };
		22F036E71B54062D008027FD /* TableViewController.h */ = {isa = PBXFileReference; fileEncoding = 4; lastKnownFileType = sourcecode.c.h; path = TableViewController.h; sourceTree = "<group>"; };
		22F036E81B54062D008027FD /* TableViewController.m */ = {isa = PBXFileReference; fileEncoding = 4; lastKnownFileType = sourcecode.c.objc; path = TableViewController.m; sourceTree = "<group>"; };
		22F76A131B3CAF1100EE3AFD /* FSAudioPlayer.h */ = {isa = PBXFileReference; fileEncoding = 4; lastKnownFileType = sourcecode.c.h; path = FSAudioPlayer.h; sourceTree = "<group>"; };
		22F76A141B3CAF1100EE3AFD /* FSAudioPlayer.m */ = {isa = PBXFileReference; fileEncoding = 4; lastKnownFileType = sourcecode.c.objc; path = FSAudioPlayer.m; sourceTree = "<group>"; };
		22F76A161B3D907600EE3AFD /* knob.png */ = {isa = PBXFileReference; lastKnownFileType = image.png; path = knob.png; sourceTree = "<group>"; };
		22F76A181B3D9D0F00EE3AFD /* knob2.png */ = {isa = PBXFileReference; lastKnownFileType = image.png; path = knob2.png; sourceTree = "<group>"; };
		22F76A1A1B3DF83C00EE3AFD /* Security.framework */ = {isa = PBXFileReference; lastKnownFileType = wrapper.framework; name = Security.framework; path = System/Library/Frameworks/Security.framework; sourceTree = SDKROOT; };
		22FD06D01B8FAAFB004F71FD /* SPUserResizableView.h */ = {isa = PBXFileReference; fileEncoding = 4; lastKnownFileType = sourcecode.c.h; path = SPUserResizableView.h; sourceTree = "<group>"; };
		22FD06D11B8FAAFB004F71FD /* SPUserResizableView.m */ = {isa = PBXFileReference; fileEncoding = 4; lastKnownFileType = sourcecode.c.objc; path = SPUserResizableView.m; sourceTree = "<group>"; };
		8FD262340DC1EAB4C20BFB2F /* Pods-LIFX Ambience.release.xcconfig */ = {isa = PBXFileReference; includeInIndex = 1; lastKnownFileType = text.xcconfig; name = "Pods-LIFX Ambience.release.xcconfig"; path = "Pods/Target Support Files/Pods-LIFX Ambience/Pods-LIFX Ambience.release.xcconfig"; sourceTree = "<group>"; };
		FF05FC65342960725EBB8E27 /* Pods-LIFX Ambience.debug.xcconfig */ = {isa = PBXFileReference; includeInIndex = 1; lastKnownFileType = text.xcconfig; name = "Pods-LIFX Ambience.debug.xcconfig"; path = "Pods/Target Support Files/Pods-LIFX Ambience/Pods-LIFX Ambience.debug.xcconfig"; sourceTree = "<group>"; };
/* End PBXFileReference section */

/* Begin PBXFrameworksBuildPhase section */
		224936D41B389CD200699D59 /* Frameworks */ = {
			isa = PBXFrameworksBuildPhase;
			buildActionMask = 2147483647;
			files = (
				2257A2211BA375AE001C61D0 /* CoreMotion.framework in Frameworks */,
				221B11341B3E9405004F3122 /* libFlurry_6.6.0.a in Frameworks */,
				224937061B389E4800699D59 /* SystemConfiguration.framework in Frameworks */,
				22F76A1B1B3DF83C00EE3AFD /* Security.framework in Frameworks */,
				224937081B389E5D00699D59 /* libz.dylib in Frameworks */,
				224937041B389E1400699D59 /* LIFXKit.framework in Frameworks */,
				224937781B3A57CD00699D59 /* QuartzCore.framework in Frameworks */,
				2249370C1B389E7E00699D59 /* AVFoundation.framework in Frameworks */,
				2249370A1B389E7600699D59 /* MediaPlayer.framework in Frameworks */,
				224937101B389E9800699D59 /* UIKit.framework in Frameworks */,
				2249370E1B389E8F00699D59 /* CoreGraphics.framework in Frameworks */,
				051CC5620CA879DE4B92481A /* libPods-LIFX Ambience.a in Frameworks */,
			);
			runOnlyForDeploymentPostprocessing = 0;
		};
		224936F01B389CD300699D59 /* Frameworks */ = {
			isa = PBXFrameworksBuildPhase;
			buildActionMask = 2147483647;
			files = (
			);
			runOnlyForDeploymentPostprocessing = 0;
		};
/* End PBXFrameworksBuildPhase section */

/* Begin PBXGroup section */
		221B11301B3E9405004F3122 /* Flurry */ = {
			isa = PBXGroup;
			children = (
				221B11311B3E9405004F3122 /* Flurry.h */,
				221B11321B3E9405004F3122 /* FlurryWatch.h */,
				221B11331B3E9405004F3122 /* libFlurry_6.6.0.a */,
			);
			path = Flurry;
			sourceTree = "<group>";
		};
		224936CE1B389CD200699D59 = {
			isa = PBXGroup;
			children = (
				226019011B982D6200708332 /* UINavigationController+rotation.h */,
				226019021B982D6200708332 /* UINavigationController+rotation.m */,
				221B11301B3E9405004F3122 /* Flurry */,
				22C44C991B73BAD600F09113 /* Frameworks2 */,
				224936E71B389CD200699D59 /* Main.storyboard */,
				226018FE1B9808F400708332 /* YouTubeTVC.h */,
				226018FF1B9808F400708332 /* YouTubeTVC.m */,
				224936DB1B389CD200699D59 /* Info.plist */,
				224936E11B389CD200699D59 /* LIFX_Ambience.xcdatamodeld */,
				224936D91B389CD200699D59 /* LIFX Ambience */,
				224936F61B389CD300699D59 /* LIFX AmbienceTests */,
				224936D81B389CD200699D59 /* Products */,
				2EFA5DB8B9E0C2BD99FE705B /* Frameworks */,
				941A4C0B5A6B65C1642CE595 /* Pods */,
			);
			sourceTree = "<group>";
		};
		224936D81B389CD200699D59 /* Products */ = {
			isa = PBXGroup;
			children = (
				224936D71B389CD200699D59 /* LIFX Ambience.app */,
				224936F31B389CD300699D59 /* LIFX AmbienceTests.xctest */,
			);
			name = Products;
			sourceTree = "<group>";
		};
		224936D91B389CD200699D59 /* LIFX Ambience */ = {
			isa = PBXGroup;
			children = (
				22C44C971B73BA5900F09113 /* MusicPlayer */,
				22C44C981B73BA8900F09113 /* CameraViewer */,
				2249376A1B39EDFE00699D59 /* MainViewController.m */,
				224937691B39EDFE00699D59 /* MainViewController.h */,
				221B11451B420C3E004F3122 /* InfoViewController.h */,
				221B11461B420C3E004F3122 /* InfoViewController.m */,
				224936DC1B389CD200699D59 /* main.m */,
				224936DF1B389CD200699D59 /* AppDelegate.m */,
				224936DE1B389CD200699D59 /* AppDelegate.h */,
				22C44C961B73BA1900F09113 /* ExternalCode */,
				224936DA1B389CD200699D59 /* Supporting Files */,
			);
			path = "LIFX Ambience";
			sourceTree = "<group>";
		};
		224936DA1B389CD200699D59 /* Supporting Files */ = {
			isa = PBXGroup;
			children = (
				224936EA1B389CD200699D59 /* Images.xcassets */,
				227964921BBDEFE70087FE24 /* alarm.mp3 */,
				2220AEB91BB5D1AF00B97437 /* eq-slider-border@2x.png */,
				2220AEBA1BB5D1AF00B97437 /* slider-knob@2x.png */,
				2249377D1B3A5E0A00699D59 /* particleTexture.png */,
				221068E71B5456C200D12A3A /* next.png */,
				221068E81B5456C200D12A3A /* previous.png */,
				221068E31B54544A00D12A3A /* audioplayer_pause.png */,
				221068E41B54544A00D12A3A /* audioplayer_play.png */,
				221B114F1B42DAFE004F3122 /* info.png */,
				221B114A1B42100C004F3122 /* dollar.png */,
				221B11481B420EB2004F3122 /* mail.png */,
				221B11411B420ADA004F3122 /* lightbulb_on.png */,
				221B11391B41C18E004F3122 /* lightbulb_icon.png */,
				22F76A181B3D9D0F00EE3AFD /* knob2.png */,
				22F76A161B3D907600EE3AFD /* knob.png */,
				22AEB37C1B6FCD6700915E8A /* dragon.mp3 */,
				224937621B39CB7400699D59 /* Default@2x.png */,
				224937271B38FADA00699D59 /* cam_128.png */,
				224937281B38FADA00699D59 /* mic_128.png */,
				224937291B38FADA00699D59 /* music_128.png */,
				227BB8531B3B2D17004EFFA7 /* camicon128.png */,
				227BB8541B3B2D17004EFFA7 /* vizicon128.png */,
				224937751B3A56B100699D59 /* MeterTable */,
			);
			name = "Supporting Files";
			sourceTree = "<group>";
		};
		224936F61B389CD300699D59 /* LIFX AmbienceTests */ = {
			isa = PBXGroup;
			children = (
				224936F91B389CD300699D59 /* LIFX_AmbienceTests.m */,
				224936F71B389CD300699D59 /* Supporting Files */,
			);
			path = "LIFX AmbienceTests";
			sourceTree = "<group>";
		};
		224936F71B389CD300699D59 /* Supporting Files */ = {
			isa = PBXGroup;
			children = (
				224936F81B389CD300699D59 /* Info.plist */,
			);
			name = "Supporting Files";
			sourceTree = "<group>";
		};
		22C44C961B73BA1900F09113 /* ExternalCode */ = {
			isa = PBXGroup;
			children = (
				2220AEB61BB5C1EE00B97437 /* LARSBar.h */,
				2220AEB71BB5C1EE00B97437 /* LARSBar.m */,
				2265FEFB1BA79167006DD173 /* LNBRippleEffect.h */,
				2265FEFC1BA79167006DD173 /* LNBRippleEffect.m */,
				22FD06D01B8FAAFB004F71FD /* SPUserResizableView.h */,
				22FD06D11B8FAAFB004F71FD /* SPUserResizableView.m */,
				22E5A14A1B8CE6FE00EED439 /* JDFSequentialTooltipManager.h */,
				22E5A14B1B8CE6FE00EED439 /* JDFSequentialTooltipManager.m */,
				22E5A14C1B8CE6FE00EED439 /* JDFTooltipManager.h */,
				22E5A14D1B8CE6FE00EED439 /* JDFTooltipManager.m */,
				22E5A14E1B8CE6FE00EED439 /* JDFTooltips.h */,
				22E5A14F1B8CE6FE00EED439 /* JDFTooltipView.h */,
				22E5A1501B8CE6FE00EED439 /* JDFTooltipView.m */,
				22E5A1511B8CE6FE00EED439 /* UILabel+JDFTooltips.h */,
				22E5A1521B8CE6FE00EED439 /* UILabel+JDFTooltips.m */,
				22E5A1531B8CE6FE00EED439 /* UIView+JDFTooltips.h */,
				22E5A1541B8CE6FE00EED439 /* UIView+JDFTooltips.m */,
				221E32981B85223D00108108 /* FXBlurView.h */,
				221E32991B85223D00108108 /* FXBlurView.m */,
				221E32951B851F1A00108108 /* ImageCropView.h */,
				221E32961B851F1A00108108 /* ImageCropView.m */,
				22E60BA61B63E3F900E74219 /* UIView+HierarchyLogging.h */,
				22E60BA71B63E41F00E74219 /* UIView+HierarchyLogging.m */,
				22E60BA91B63ED4700E74219 /* SCAudioMeter.h */,
				22E60BAA1B63ED4700E74219 /* SCAudioMeter.m */,
				22DCE2011B50E074002506AD /* UIAlertView+NSCookbook.h */,
				22DCE2021B50E074002506AD /* UIAlertView+NSCookbook.m */,
				221B114C1B4218FD004F3122 /* UIView+Glow.h */,
				221B114D1B4218FD004F3122 /* UIView+Glow.m */,
				221068EB1B56A62900D12A3A /* MarqueeLabel.h */,
				221068EC1B56A62900D12A3A /* MarqueeLabel.m */,
				22AEB37E1B726F3800915E8A /* ANPopoverSlider.h */,
				22AEB37F1B726F3800915E8A /* ANPopoverSlider.m */,
				22AEB3801B726F3800915E8A /* ANPopoverView.h */,
				22AEB3811B726F3800915E8A /* ANPopoverView.m */,
			);
			name = ExternalCode;
			sourceTree = "<group>";
		};
		22C44C971B73BA5900F09113 /* MusicPlayer */ = {
			isa = PBXGroup;
			children = (
				224937701B3A54C800699D59 /* VizViewController.m */,
				2249376F1B3A54C800699D59 /* VizViewController.h */,
				22F036E71B54062D008027FD /* TableViewController.h */,
				22F036E81B54062D008027FD /* TableViewController.m */,
				22F76A131B3CAF1100EE3AFD /* FSAudioPlayer.h */,
				22F76A141B3CAF1100EE3AFD /* FSAudioPlayer.m */,
				224937721B3A568400699D59 /* VisualizerView.h */,
				224937731B3A568400699D59 /* VisualizerView.mm */,
				224937791B3A592800699D59 /* MeterTable.cpp */,
			);
			name = MusicPlayer;
			sourceTree = "<group>";
		};
		22C44C981B73BA8900F09113 /* CameraViewer */ = {
			isa = PBXGroup;
			children = (
				224937801B3A76AB00699D59 /* CamViewController.m */,
				2249377F1B3A76AB00699D59 /* CamViewController.h */,
				224937851B3A779C00699D59 /* UIImageAverageColorAddition.h */,
				224937861B3A779C00699D59 /* UIImageAverageColorAddition.m */,
				22AEB3791B6BECDA00915E8A /* UIImageResizing.h */,
				22AEB37A1B6BECDA00915E8A /* UIImageResizing.m */,
				224937821B3A776D00699D59 /* AVCamPreviewView.h */,
				224937831B3A776D00699D59 /* AVCamPreviewView.m */,
			);
			name = CameraViewer;
			sourceTree = "<group>";
		};
		22C44C991B73BAD600F09113 /* Frameworks2 */ = {
			isa = PBXGroup;
			children = (
				22F76A1A1B3DF83C00EE3AFD /* Security.framework */,
				224937771B3A57CD00699D59 /* QuartzCore.framework */,
				2249370F1B389E9800699D59 /* UIKit.framework */,
				2249370D1B389E8F00699D59 /* CoreGraphics.framework */,
				2249370B1B389E7D00699D59 /* AVFoundation.framework */,
				224937091B389E7600699D59 /* MediaPlayer.framework */,
				224937071B389E5D00699D59 /* libz.dylib */,
				224937051B389E4800699D59 /* SystemConfiguration.framework */,
				224937031B389E1400699D59 /* LIFXKit.framework */,
			);
			name = Frameworks2;
			sourceTree = "<group>";
		};
		2EFA5DB8B9E0C2BD99FE705B /* Frameworks */ = {
			isa = PBXGroup;
			children = (
				2257A2201BA375AE001C61D0 /* CoreMotion.framework */,
				0502F57349B114B47B82E1A7 /* libPods-LIFX Ambience.a */,
			);
			name = Frameworks;
			sourceTree = "<group>";
		};
		941A4C0B5A6B65C1642CE595 /* Pods */ = {
			isa = PBXGroup;
			children = (
				FF05FC65342960725EBB8E27 /* Pods-LIFX Ambience.debug.xcconfig */,
				8FD262340DC1EAB4C20BFB2F /* Pods-LIFX Ambience.release.xcconfig */,
			);
			name = Pods;
			sourceTree = "<group>";
		};
/* End PBXGroup section */

/* Begin PBXNativeTarget section */
		224936D61B389CD200699D59 /* LIFX Ambience */ = {
			isa = PBXNativeTarget;
			buildConfigurationList = 224936FD1B389CD300699D59 /* Build configuration list for PBXNativeTarget "LIFX Ambience" */;
			buildPhases = (
				224936D31B389CD200699D59 /* Sources */,
				224936D41B389CD200699D59 /* Frameworks */,
				224936D51B389CD200699D59 /* Resources */,
			);
			buildRules = (
			);
			dependencies = (
			);
			name = "LIFX Ambience";
			productName = "LIFX Ambience";
			productReference = 224936D71B389CD200699D59 /* LIFX Ambience.app */;
			productType = "com.apple.product-type.application";
		};
		224936F21B389CD300699D59 /* LIFX AmbienceTests */ = {
			isa = PBXNativeTarget;
			buildConfigurationList = 224937001B389CD300699D59 /* Build configuration list for PBXNativeTarget "LIFX AmbienceTests" */;
			buildPhases = (
				224936EF1B389CD300699D59 /* Sources */,
				224936F01B389CD300699D59 /* Frameworks */,
				224936F11B389CD300699D59 /* Resources */,
			);
			buildRules = (
			);
			dependencies = (
				224936F51B389CD300699D59 /* PBXTargetDependency */,
			);
			name = "LIFX AmbienceTests";
			productName = "LIFX AmbienceTests";
			productReference = 224936F31B389CD300699D59 /* LIFX AmbienceTests.xctest */;
			productType = "com.apple.product-type.bundle.unit-test";
		};
/* End PBXNativeTarget section */

/* Begin PBXProject section */
		224936CF1B389CD200699D59 /* Project object */ = {
			isa = PBXProject;
			attributes = {
				LastUpgradeCheck = 0630;
				ORGANIZATIONNAME = Fraksoft;
				TargetAttributes = {
					224936D61B389CD200699D59 = {
						CreatedOnToolsVersion = 6.3.2;
						DevelopmentTeam = 7G2GKABE9F;
						SystemCapabilities = {
							com.apple.BackgroundModes = {
								enabled = 1;
							};
						};
					};
					224936F21B389CD300699D59 = {
						CreatedOnToolsVersion = 6.3.2;
						TestTargetID = 224936D61B389CD200699D59;
					};
				};
			};
			buildConfigurationList = 224936D21B389CD200699D59 /* Build configuration list for PBXProject "LIFX Ambience" */;
			compatibilityVersion = "Xcode 6.3";
			developmentRegion = English;
			hasScannedForEncodings = 0;
			knownRegions = (
				en,
				Base,
				English,
			);
			mainGroup = 224936CE1B389CD200699D59;
			productRefGroup = 224936D81B389CD200699D59 /* Products */;
			projectDirPath = "";
			projectRoot = "";
			targets = (
				224936D61B389CD200699D59 /* LIFX Ambience */,
				224936F21B389CD300699D59 /* LIFX AmbienceTests */,
			);
		};
/* End PBXProject section */

/* Begin PBXResourcesBuildPhase section */
		224936D51B389CD200699D59 /* Resources */ = {
			isa = PBXResourcesBuildPhase;
			buildActionMask = 2147483647;
			files = (
				227BB8561B3B2D17004EFFA7 /* vizicon128.png in Resources */,
				2220AEBC1BB5D1AF00B97437 /* slider-knob@2x.png in Resources */,
				227BB8551B3B2D17004EFFA7 /* camicon128.png in Resources */,
				221B114B1B42100C004F3122 /* dollar.png in Resources */,
				2249377E1B3A5E0A00699D59 /* particleTexture.png in Resources */,
				2220AEBB1BB5D1AF00B97437 /* eq-slider-border@2x.png in Resources */,
				221068E51B54544A00D12A3A /* audioplayer_pause.png in Resources */,
				221068E61B54544A00D12A3A /* audioplayer_play.png in Resources */,
				224937631B39CB7400699D59 /* Default@2x.png in Resources */,
				2249372C1B38FADA00699D59 /* music_128.png in Resources */,
				221B113A1B41C18E004F3122 /* lightbulb_icon.png in Resources */,
				221B11491B420EB2004F3122 /* mail.png in Resources */,
				221B11501B42DAFE004F3122 /* info.png in Resources */,
				22AEB37D1B6FCD6700915E8A /* dragon.mp3 in Resources */,
				2249372A1B38FADA00699D59 /* cam_128.png in Resources */,
				224936E91B389CD200699D59 /* Main.storyboard in Resources */,
				221068E91B5456C200D12A3A /* next.png in Resources */,
				22F76A191B3D9D0F00EE3AFD /* knob2.png in Resources */,
				22F76A0B1B3C8F1400EE3AFD /* Info.plist in Resources */,
				22F76A171B3D907600EE3AFD /* knob.png in Resources */,
				227964931BBDEFE70087FE24 /* alarm.mp3 in Resources */,
				221B11421B420ADA004F3122 /* lightbulb_on.png in Resources */,
				221068EA1B5456C200D12A3A /* previous.png in Resources */,
				224936EB1B389CD200699D59 /* Images.xcassets in Resources */,
				2249372B1B38FADA00699D59 /* mic_128.png in Resources */,
				224937761B3A56B100699D59 /* MeterTable in Resources */,
			);
			runOnlyForDeploymentPostprocessing = 0;
		};
		224936F11B389CD300699D59 /* Resources */ = {
			isa = PBXResourcesBuildPhase;
			buildActionMask = 2147483647;
			files = (
			);
			runOnlyForDeploymentPostprocessing = 0;
		};
/* End PBXResourcesBuildPhase section */

/* Begin PBXSourcesBuildPhase section */
		224936D31B389CD200699D59 /* Sources */ = {
			isa = PBXSourcesBuildPhase;
			buildActionMask = 2147483647;
			files = (
				224936DD1B389CD200699D59 /* main.m in Sources */,
				2265FEFD1BA79167006DD173 /* LNBRippleEffect.m in Sources */,
				22DCE2031B50E075002506AD /* UIAlertView+NSCookbook.m in Sources */,
				221E32971B851F1A00108108 /* ImageCropView.m in Sources */,
				224936E01B389CD200699D59 /* AppDelegate.m in Sources */,
				221B11471B420C3E004F3122 /* InfoViewController.m in Sources */,
				22E5A1571B8CE6FE00EED439 /* JDFTooltipView.m in Sources */,
				22E60BA81B63E41F00E74219 /* UIView+HierarchyLogging.m in Sources */,
				22F76A151B3CAF1100EE3AFD /* FSAudioPlayer.m in Sources */,
				2249377A1B3A592800699D59 /* MeterTable.cpp in Sources */,
				22E5A1591B8CE6FE00EED439 /* UIView+JDFTooltips.m in Sources */,
				221E329A1B85223D00108108 /* FXBlurView.m in Sources */,
				224937741B3A568400699D59 /* VisualizerView.mm in Sources */,
				22E5A1581B8CE6FE00EED439 /* UILabel+JDFTooltips.m in Sources */,
				22E60BAB1B63ED4700E74219 /* SCAudioMeter.m in Sources */,
				224937841B3A776D00699D59 /* AVCamPreviewView.m in Sources */,
				224937811B3A76AB00699D59 /* CamViewController.m in Sources */,
				221068ED1B56A62900D12A3A /* MarqueeLabel.m in Sources */,
				22FD06D21B8FAAFB004F71FD /* SPUserResizableView.m in Sources */,
				224937711B3A54C800699D59 /* VizViewController.m in Sources */,
				226019001B9808F400708332 /* YouTubeTVC.m in Sources */,
				22E5A1561B8CE6FE00EED439 /* JDFTooltipManager.m in Sources */,
				22AEB37B1B6BECDA00915E8A /* UIImageResizing.m in Sources */,
				224936E31B389CD200699D59 /* LIFX_Ambience.xcdatamodeld in Sources */,
				2249376B1B39EDFE00699D59 /* MainViewController.m in Sources */,
				2220AEB81BB5C1EE00B97437 /* LARSBar.m in Sources */,
				221B114E1B4218FD004F3122 /* UIView+Glow.m in Sources */,
				22AEB3831B726F3800915E8A /* ANPopoverView.m in Sources */,
				226019031B982D6200708332 /* UINavigationController+rotation.m in Sources */,
				22AEB3821B726F3800915E8A /* ANPopoverSlider.m in Sources */,
				22E5A1551B8CE6FE00EED439 /* JDFSequentialTooltipManager.m in Sources */,
				22F036E91B54062D008027FD /* TableViewController.m in Sources */,
				224937871B3A779C00699D59 /* UIImageAverageColorAddition.m in Sources */,
			);
			runOnlyForDeploymentPostprocessing = 0;
		};
		224936EF1B389CD300699D59 /* Sources */ = {
			isa = PBXSourcesBuildPhase;
			buildActionMask = 2147483647;
			files = (
				224936FA1B389CD300699D59 /* LIFX_AmbienceTests.m in Sources */,
			);
			runOnlyForDeploymentPostprocessing = 0;
		};
/* End PBXSourcesBuildPhase section */

/* Begin PBXTargetDependency section */
		224936F51B389CD300699D59 /* PBXTargetDependency */ = {
			isa = PBXTargetDependency;
			target = 224936D61B389CD200699D59 /* LIFX Ambience */;
			targetProxy = 224936F41B389CD300699D59 /* PBXContainerItemProxy */;
		};
/* End PBXTargetDependency section */

/* Begin PBXVariantGroup section */
		224936E71B389CD200699D59 /* Main.storyboard */ = {
			isa = PBXVariantGroup;
			children = (
				224936E81B389CD200699D59 /* Base */,
			);
			name = Main.storyboard;
			path = "LIFX Ambience";
			sourceTree = "<group>";
		};
/* End PBXVariantGroup section */

/* Begin XCBuildConfiguration section */
		224936FB1B389CD300699D59 /* Debug */ = {
			isa = XCBuildConfiguration;
			buildSettings = {
				ALWAYS_SEARCH_USER_PATHS = NO;
				CLANG_CXX_LANGUAGE_STANDARD = "gnu++0x";
				CLANG_CXX_LIBRARY = "libc++";
				CLANG_ENABLE_MODULES = YES;
				CLANG_ENABLE_OBJC_ARC = YES;
				CLANG_WARN_BOOL_CONVERSION = YES;
				CLANG_WARN_CONSTANT_CONVERSION = YES;
				CLANG_WARN_DIRECT_OBJC_ISA_USAGE = YES_ERROR;
				CLANG_WARN_EMPTY_BODY = YES;
				CLANG_WARN_ENUM_CONVERSION = YES;
				CLANG_WARN_INT_CONVERSION = YES;
				CLANG_WARN_OBJC_ROOT_CLASS = YES_ERROR;
				CLANG_WARN_UNREACHABLE_CODE = YES;
				CLANG_WARN__DUPLICATE_METHOD_MATCH = YES;
				CODE_SIGN_IDENTITY = "";
				"CODE_SIGN_IDENTITY[sdk=iphoneos*]" = "iPhone Developer: Farqed Al Nuaimy (EPV8XNQYME)";
				COPY_PHASE_STRIP = NO;
				DEBUG_INFORMATION_FORMAT = "dwarf-with-dsym";
				ENABLE_STRICT_OBJC_MSGSEND = YES;
				GCC_C_LANGUAGE_STANDARD = gnu99;
				GCC_DYNAMIC_NO_PIC = NO;
				GCC_NO_COMMON_BLOCKS = YES;
				GCC_OPTIMIZATION_LEVEL = 0;
				GCC_PREPROCESSOR_DEFINITIONS = (
					"DEBUG=1",
					"$(inherited)",
				);
				GCC_SYMBOLS_PRIVATE_EXTERN = NO;
				GCC_WARN_64_TO_32_BIT_CONVERSION = YES;
				GCC_WARN_ABOUT_RETURN_TYPE = YES_ERROR;
				GCC_WARN_UNDECLARED_SELECTOR = YES;
				GCC_WARN_UNINITIALIZED_AUTOS = YES_AGGRESSIVE;
				GCC_WARN_UNUSED_FUNCTION = YES;
				GCC_WARN_UNUSED_VARIABLE = YES;
				IPHONEOS_DEPLOYMENT_TARGET = 8.3;
				LIBRARY_SEARCH_PATHS = "$(PROJECT_DIR)/**";
				MTL_ENABLE_DEBUG_INFO = YES;
				ONLY_ACTIVE_ARCH = YES;
				PROVISIONING_PROFILE = "";
				SDKROOT = iphoneos;
				myappname = "LIFX-Ambience";
			};
			name = Debug;
		};
		224936FC1B389CD300699D59 /* Release */ = {
			isa = XCBuildConfiguration;
			buildSettings = {
				ALWAYS_SEARCH_USER_PATHS = NO;
				CLANG_CXX_LANGUAGE_STANDARD = "gnu++0x";
				CLANG_CXX_LIBRARY = "libc++";
				CLANG_ENABLE_MODULES = YES;
				CLANG_ENABLE_OBJC_ARC = YES;
				CLANG_WARN_BOOL_CONVERSION = YES;
				CLANG_WARN_CONSTANT_CONVERSION = YES;
				CLANG_WARN_DIRECT_OBJC_ISA_USAGE = YES_ERROR;
				CLANG_WARN_EMPTY_BODY = YES;
				CLANG_WARN_ENUM_CONVERSION = YES;
				CLANG_WARN_INT_CONVERSION = YES;
				CLANG_WARN_OBJC_ROOT_CLASS = YES_ERROR;
				CLANG_WARN_UNREACHABLE_CODE = YES;
				CLANG_WARN__DUPLICATE_METHOD_MATCH = YES;
				CODE_SIGN_IDENTITY = "";
				"CODE_SIGN_IDENTITY[sdk=iphoneos*]" = "iPhone Developer: Farqed Al Nuaimy (EPV8XNQYME)";
				COPY_PHASE_STRIP = NO;
				DEBUG_INFORMATION_FORMAT = "dwarf-with-dsym";
				ENABLE_NS_ASSERTIONS = NO;
				ENABLE_STRICT_OBJC_MSGSEND = YES;
				GCC_C_LANGUAGE_STANDARD = gnu99;
				GCC_NO_COMMON_BLOCKS = YES;
				GCC_WARN_64_TO_32_BIT_CONVERSION = YES;
				GCC_WARN_ABOUT_RETURN_TYPE = YES_ERROR;
				GCC_WARN_UNDECLARED_SELECTOR = YES;
				GCC_WARN_UNINITIALIZED_AUTOS = YES_AGGRESSIVE;
				GCC_WARN_UNUSED_FUNCTION = YES;
				GCC_WARN_UNUSED_VARIABLE = YES;
				IPHONEOS_DEPLOYMENT_TARGET = 8.3;
				LIBRARY_SEARCH_PATHS = "$(PROJECT_DIR)/**";
				MTL_ENABLE_DEBUG_INFO = NO;
				PROVISIONING_PROFILE = "";
				SDKROOT = iphoneos;
				VALIDATE_PRODUCT = YES;
				myappname = "LIFX-Ambience";
			};
			name = Release;
		};
		224936FE1B389CD300699D59 /* Debug */ = {
			isa = XCBuildConfiguration;
			baseConfigurationReference = FF05FC65342960725EBB8E27 /* Pods-LIFX Ambience.debug.xcconfig */;
			buildSettings = {
				ALWAYS_SEARCH_USER_PATHS = YES;
				ASSETCATALOG_COMPILER_APPICON_NAME = "AppIcon-2";
				ASSETCATALOG_COMPILER_LAUNCHIMAGE_NAME = "LaunchImage-2";
				CODE_SIGN_IDENTITY = "iPhone Developer";
				"CODE_SIGN_IDENTITY[sdk=iphoneos*]" = "iPhone Developer";
				FRAMEWORK_SEARCH_PATHS = (
					"$(inherited)",
					"/Users/frak/Documents/LIFXKit-cnsblnuqrwxhuicgndijkotbdhas/Build/Products/Release-iphonesimulator",
					"$(PROJECT_DIR)/**",
				);
				GCC_PRECOMPILE_PREFIX_HEADER = YES;
				HEADER_SEARCH_PATHS = (
					"$(inherited)",
					/Applications/Xcode.app/Contents/Developer/Toolchains/XcodeDefault.xctoolchain/usr/include,
					"$(PROJECT_DIR)/**",
				);
				INFOPLIST_FILE = "LIFX Ambience/Info.plist";
				IPHONEOS_DEPLOYMENT_TARGET = 8.0;
				LD_RUNPATH_SEARCH_PATHS = "$(inherited) @executable_path/Frameworks";
				LIBRARY_SEARCH_PATHS = (
					"$(PROJECT_DIR)/**",
					"$(inherited)",
					iPhone,
					SDK,
					viPhone,
					"$(PROJECT_DIR)/Flurry",
				);
				OTHER_LDFLAGS = (
					"-ObjC",
					"$(inherited)",
				);
				PRODUCT_NAME = "$(TARGET_NAME)";
				PROVISIONING_PROFILE = "";
			};
			name = Debug;
		};
		224936FF1B389CD300699D59 /* Release */ = {
			isa = XCBuildConfiguration;
			baseConfigurationReference = 8FD262340DC1EAB4C20BFB2F /* Pods-LIFX Ambience.release.xcconfig */;
			buildSettings = {
				ALWAYS_SEARCH_USER_PATHS = YES;
				ASSETCATALOG_COMPILER_APPICON_NAME = "AppIcon-2";
				ASSETCATALOG_COMPILER_LAUNCHIMAGE_NAME = "LaunchImage-2";
				CODE_SIGN_IDENTITY = "iPhone Developer";
				"CODE_SIGN_IDENTITY[sdk=iphoneos*]" = "iPhone Developer";
				FRAMEWORK_SEARCH_PATHS = (
					"$(inherited)",
					"/Users/frak/Documents/LIFXKit-cnsblnuqrwxhuicgndijkotbdhas/Build/Products/Release-iphonesimulator",
					"$(PROJECT_DIR)/**",
				);
				GCC_PRECOMPILE_PREFIX_HEADER = YES;
				HEADER_SEARCH_PATHS = (
					"$(inherited)",
					/Applications/Xcode.app/Contents/Developer/Toolchains/XcodeDefault.xctoolchain/usr/include,
					"$(PROJECT_DIR)/**",
				);
				INFOPLIST_FILE = "LIFX Ambience/Info.plist";
				IPHONEOS_DEPLOYMENT_TARGET = 8.0;
				LD_RUNPATH_SEARCH_PATHS = "$(inherited) @executable_path/Frameworks";
				LIBRARY_SEARCH_PATHS = (
					"$(PROJECT_DIR)/**",
					"$(inherited)",
					iPhone,
					SDK,
					viPhone,
					"$(PROJECT_DIR)/Flurry",
				);
				OTHER_LDFLAGS = (
					"-ObjC",
					"$(inherited)",
				);
				PRODUCT_NAME = "$(TARGET_NAME)";
				PROVISIONING_PROFILE = "";
			};
			name = Release;
		};
		224937011B389CD300699D59 /* Debug */ = {
			isa = XCBuildConfiguration;
			buildSettings = {
				BUNDLE_LOADER = "$(TEST_HOST)";
				FRAMEWORK_SEARCH_PATHS = (
					"$(SDKROOT)/Developer/Library/Frameworks",
					"$(inherited)",
				);
				GCC_PREPROCESSOR_DEFINITIONS = (
					"DEBUG=1",
					"$(inherited)",
				);
				INFOPLIST_FILE = "LIFX AmbienceTests/Info.plist";
				LD_RUNPATH_SEARCH_PATHS = "$(inherited) @executable_path/Frameworks @loader_path/Frameworks";
				PRODUCT_NAME = "$(TARGET_NAME)";
				TEST_HOST = "$(BUILT_PRODUCTS_DIR)/LIFX Ambience.app/LIFX Ambience";
			};
			name = Debug;
		};
		224937021B389CD300699D59 /* Release */ = {
			isa = XCBuildConfiguration;
			buildSettings = {
				BUNDLE_LOADER = "$(TEST_HOST)";
				FRAMEWORK_SEARCH_PATHS = (
					"$(SDKROOT)/Developer/Library/Frameworks",
					"$(inherited)",
				);
				INFOPLIST_FILE = "LIFX AmbienceTests/Info.plist";
				LD_RUNPATH_SEARCH_PATHS = "$(inherited) @executable_path/Frameworks @loader_path/Frameworks";
				PRODUCT_NAME = "$(TARGET_NAME)";
				TEST_HOST = "$(BUILT_PRODUCTS_DIR)/LIFX Ambience.app/LIFX Ambience";
			};
			name = Release;
		};
/* End XCBuildConfiguration section */

/* Begin XCConfigurationList section */
		224936D21B389CD200699D59 /* Build configuration list for PBXProject "LIFX Ambience" */ = {
			isa = XCConfigurationList;
			buildConfigurations = (
				224936FB1B389CD300699D59 /* Debug */,
				224936FC1B389CD300699D59 /* Release */,
			);
			defaultConfigurationIsVisible = 0;
			defaultConfigurationName = Release;
		};
		224936FD1B389CD300699D59 /* Build configuration list for PBXNativeTarget "LIFX Ambience" */ = {
			isa = XCConfigurationList;
			buildConfigurations = (
				224936FE1B389CD300699D59 /* Debug */,
				224936FF1B389CD300699D59 /* Release */,
			);
			defaultConfigurationIsVisible = 0;
			defaultConfigurationName = Release;
		};
		224937001B389CD300699D59 /* Build configuration list for PBXNativeTarget "LIFX AmbienceTests" */ = {
			isa = XCConfigurationList;
			buildConfigurations = (
				224937011B389CD300699D59 /* Debug */,
				224937021B389CD300699D59 /* Release */,
			);
			defaultConfigurationIsVisible = 0;
			defaultConfigurationName = Release;
		};
/* End XCConfigurationList section */

/* Begin XCVersionGroup section */
		224936E11B389CD200699D59 /* LIFX_Ambience.xcdatamodeld */ = {
			isa = XCVersionGroup;
			children = (
				224936E21B389CD200699D59 /* LIFX_Ambience.xcdatamodel */,
			);
			currentVersion = 224936E21B389CD200699D59 /* LIFX_Ambience.xcdatamodel */;
			name = LIFX_Ambience.xcdatamodeld;
			path = "LIFX Ambience/LIFX_Ambience.xcdatamodeld";
			sourceTree = "<group>";
			versionGroupType = wrapper.xcdatamodel;
		};
/* End XCVersionGroup section */
	};
	rootObject = 224936CF1B389CD200699D59 /* Project object */;
}
